
Microsoft Visual Studio Solution File, Format Version 12.00
# Visual Studio Version 17
VisualStudioVersion = 17.4.33205.214
MinimumVisualStudioVersion = 10.0.40219.1
Project("{FAE04EC0-301F-11D3-BF4B-00C04F79EFBC}") = "lab6", "lab6\lab6.csproj", "{2858BA75-1BA0-4514-A56C-F9017804AD07}"
EndProject
Global
	GlobalSection(SolutionConfigurationPlatforms) = preSolution
		Debug|Any CPU = Debug|Any CPU
		Release|Any CPU = Release|Any CPU
	EndGlobalSection
	GlobalSection(ProjectConfigurationPlatforms) = postSolution
		{2858BA75-1BA0-4514-A56C-F9017804AD07}.Debug|Any CPU.ActiveCfg = Debug|Any CPU
		{2858BA75-1BA0-4514-A56C-F9017804AD07}.Debug|Any CPU.Build.0 = Debug|Any CPU
		{2858BA75-1BA0-4514-A56C-F9017804AD07}.Release|Any CPU.ActiveCfg = Release|Any CPU
		{2858BA75-1BA0-4514-A56C-F9017804AD07}.Release|Any CPU.Build.0 = Release|Any CPU
	EndGlobalSection
	GlobalSection(SolutionProperties) = preSolution
		HideSolutionNode = FALSE
	EndGlobalSection
	GlobalSection(ExtensibilityGlobals) = postSolution
		SolutionGuid = {967BB37A-AC55-4570-A3C4-D4425C012151}
	EndGlobalSection
EndGlobal
